
Microsoft Visual Studio Solution File, Format Version 12.00
# Visual Studio Version 16
VisualStudioVersion = 16.0.28803.452
MinimumVisualStudioVersion = 10.0.40219.1
Project("{9A19103F-16F7-4668-BE54-9A1E7A4F7556}") = "Frontend", "Pedra, paper, tisora\Frontend.csproj", "{C8474868-D370-4721-B958-F457AB4E9685}"
EndProject
Project("{9A19103F-16F7-4668-BE54-9A1E7A4F7556}") = "Backend", "ClassLibrary1\Backend.csproj", "{8C78E2F4-D2E6-40C8-991D-8D5BD19490C6}"
EndProject
Project("{FAE04EC0-301F-11D3-BF4B-00C04F79EFBC}") = "Constants", "Constants\Constants.csproj", "{6CBAB369-DAFF-4991-9497-6B06A2D8EDE0}"
EndProject
Global
	GlobalSection(SolutionConfigurationPlatforms) = preSolution
		Debug|Any CPU = Debug|Any CPU
		Release|Any CPU = Release|Any CPU
	EndGlobalSection
	GlobalSection(ProjectConfigurationPlatforms) = postSolution
		{C8474868-D370-4721-B958-F457AB4E9685}.Debug|Any CPU.ActiveCfg = Debug|Any CPU
		{C8474868-D370-4721-B958-F457AB4E9685}.Debug|Any CPU.Build.0 = Debug|Any CPU
		{C8474868-D370-4721-B958-F457AB4E9685}.Release|Any CPU.ActiveCfg = Release|Any CPU
		{C8474868-D370-4721-B958-F457AB4E9685}.Release|Any CPU.Build.0 = Release|Any CPU
		{8C78E2F4-D2E6-40C8-991D-8D5BD19490C6}.Debug|Any CPU.ActiveCfg = Debug|Any CPU
		{8C78E2F4-D2E6-40C8-991D-8D5BD19490C6}.Debug|Any CPU.Build.0 = Debug|Any CPU
		{8C78E2F4-D2E6-40C8-991D-8D5BD19490C6}.Release|Any CPU.ActiveCfg = Release|Any CPU
		{8C78E2F4-D2E6-40C8-991D-8D5BD19490C6}.Release|Any CPU.Build.0 = Release|Any CPU
		{6CBAB369-DAFF-4991-9497-6B06A2D8EDE0}.Debug|Any CPU.ActiveCfg = Debug|Any CPU
		{6CBAB369-DAFF-4991-9497-6B06A2D8EDE0}.Debug|Any CPU.Build.0 = Debug|Any CPU
		{6CBAB369-DAFF-4991-9497-6B06A2D8EDE0}.Release|Any CPU.ActiveCfg = Release|Any CPU
		{6CBAB369-DAFF-4991-9497-6B06A2D8EDE0}.Release|Any CPU.Build.0 = Release|Any CPU
	EndGlobalSection
	GlobalSection(SolutionProperties) = preSolution
		HideSolutionNode = FALSE
	EndGlobalSection
	GlobalSection(ExtensibilityGlobals) = postSolution
		SolutionGuid = {1201E777-3EA8-4FB4-BC60-7C81BE5A22D8}
	EndGlobalSection
EndGlobal
